{
  "name": "@windicss/plugin-rtl",
  "version": "0.1.0",
  "lockfileVersion": 2,
  "requires": true,
  "packages": {
    "": {
      "name": "@windicss/plugin-rtl",
      "version": "0.1.0",
      "license": "MIT",
      "devDependencies": {
        "windicss": "^3.4.3"
      }
    },
    "node_modules/windicss": {
      "version": "3.4.3",
      "resolved": "https://registry.npmjs.org/windicss/-/windicss-3.4.3.tgz",
      "integrity": "sha512-UnugThsvEgy8RsPm4/B5DYMCAqvZzD6yWU7Anh+f07t5RSJ8zvmAylGLbXrHPJEmCKzo2Mf+fOUvISH7IJqM3A==",
      "dev": true,
      "bin": {
        "windicss": "cli/index.js"
      },
      "engines": {
        "node": ">= 12"
      }
    }
  },
  "dependencies": {
    "windicss": {
      "version": "3.4.3",
      "resolved": "https://registry.npmjs.org/windicss/-/windicss-3.4.3.tgz",
      "integrity": "sha512-UnugThsvEgy8RsPm4/B5DYMCAqvZzD6yWU7Anh+f07t5RSJ8zvmAylGLbXrHPJEmCKzo2Mf+fOUvISH7IJqM3A==",
      "dev": true
    }
  }
}
