{
  "name": "windicss-rtl",
  "version": "0.1.1",
  "lockfileVersion": 2,
  "requires": true,
  "packages": {
    "": {
      "version": "0.1.1",
      "license": "MIT",
      "devDependencies": {
        "@types/node": "^17.0.17",
        "windicss": "^3.4.3"
      },
      "peerDependencies": {
        "windicss": "^3.4.3"
      }
    },
    "node_modules/@types/node": {
      "version": "17.0.17",
      "resolved": "https://registry.npmjs.org/@types/node/-/node-17.0.17.tgz",
      "integrity": "sha512-e8PUNQy1HgJGV3iU/Bp2+D/DXh3PYeyli8LgIwsQcs1Ar1LoaWHSIT6Rw+H2rNJmiq6SNWiDytfx8+gYj7wDHw==",
      "dev": true
    },
    "node_modules/windicss": {
      "version": "3.4.3",
      "resolved": "https://registry.npmjs.org/windicss/-/windicss-3.4.3.tgz",
      "integrity": "sha512-UnugThsvEgy8RsPm4/B5DYMCAqvZzD6yWU7Anh+f07t5RSJ8zvmAylGLbXrHPJEmCKzo2Mf+fOUvISH7IJqM3A==",
      "dev": true,
      "bin": {
        "windicss": "cli/index.js"
      },
      "engines": {
        "node": ">= 12"
      }
    }
  },
  "dependencies": {
    "@types/node": {
      "version": "17.0.17",
      "resolved": "https://registry.npmjs.org/@types/node/-/node-17.0.17.tgz",
      "integrity": "sha512-e8PUNQy1HgJGV3iU/Bp2+D/DXh3PYeyli8LgIwsQcs1Ar1LoaWHSIT6Rw+H2rNJmiq6SNWiDytfx8+gYj7wDHw==",
      "dev": true
    },
    "windicss": {
      "version": "3.4.3",
      "resolved": "https://registry.npmjs.org/windicss/-/windicss-3.4.3.tgz",
      "integrity": "sha512-UnugThsvEgy8RsPm4/B5DYMCAqvZzD6yWU7Anh+f07t5RSJ8zvmAylGLbXrHPJEmCKzo2Mf+fOUvISH7IJqM3A==",
      "dev": true
    }
  }
}
